// !$*UTF8*$!
{
	archiveVersion = 1;
	classes = {
	};
	objectVersion = 56;
	objects = {

/* Begin PBXBuildFile section */
		30BADDED2B69A8AD00C6840E /* Events.swift in Sources */ = {isa = PBXBuildFile; fileRef = 30BADDEC2B69A8AD00C6840E /* Events.swift */; };
		30BADDEF2B69A92C00C6840E /* Series.swift in Sources */ = {isa = PBXBuildFile; fileRef = 30BADDEE2B69A92C00C6840E /* Series.swift */; };
		30BADDF22B69AB8B00C6840E /* ImageViewModel.swift in Sources */ = {isa = PBXBuildFile; fileRef = 30BADDF12B69AB8B00C6840E /* ImageViewModel.swift */; };
		30BADDF42B69ABF500C6840E /* ImageService.swift in Sources */ = {isa = PBXBuildFile; fileRef = 30BADDF32B69ABF500C6840E /* ImageService.swift */; };
		30BADDF62B69BC1B00C6840E /* CharacterSeriesRowView.swift in Sources */ = {isa = PBXBuildFile; fileRef = 30BADDF52B69BC1B00C6840E /* CharacterSeriesRowView.swift */; };
		30BADDF82B69BC3200C6840E /* CharacterEventsRowView.swift in Sources */ = {isa = PBXBuildFile; fileRef = 30BADDF72B69BC3200C6840E /* CharacterEventsRowView.swift */; };
		30D8B9C12B62D3DC00C674A1 /* MarvelComicsApp.swift in Sources */ = {isa = PBXBuildFile; fileRef = 30D8B9C02B62D3DC00C674A1 /* MarvelComicsApp.swift */; };
		30D8B9C32B62D3DC00C674A1 /* CharacterListView.swift in Sources */ = {isa = PBXBuildFile; fileRef = 30D8B9C22B62D3DC00C674A1 /* CharacterListView.swift */; };
		30D8B9C52B62D3DF00C674A1 /* Assets.xcassets in Resources */ = {isa = PBXBuildFile; fileRef = 30D8B9C42B62D3DF00C674A1 /* Assets.xcassets */; };
		30D8B9C82B62D3DF00C674A1 /* Preview Assets.xcassets in Resources */ = {isa = PBXBuildFile; fileRef = 30D8B9C72B62D3DF00C674A1 /* Preview Assets.xcassets */; };
		30D8B9D52B62D48800C674A1 /* CharacterListService.swift in Sources */ = {isa = PBXBuildFile; fileRef = 30D8B9D42B62D48800C674A1 /* CharacterListService.swift */; };
		30D8B9D82B62D4C900C674A1 /* CharacterListNetworkManager.swift in Sources */ = {isa = PBXBuildFile; fileRef = 30D8B9D72B62D4C900C674A1 /* CharacterListNetworkManager.swift */; };
		30D8B9DA2B62D4E000C674A1 /* CharacterListDBManager.swift in Sources */ = {isa = PBXBuildFile; fileRef = 30D8B9D92B62D4E000C674A1 /* CharacterListDBManager.swift */; };
		30D8B9DC2B62D4FD00C674A1 /* APIConfig.swift in Sources */ = {isa = PBXBuildFile; fileRef = 30D8B9DB2B62D4FD00C674A1 /* APIConfig.swift */; };
		30D8B9DF2B62D6F800C674A1 /* String.swift in Sources */ = {isa = PBXBuildFile; fileRef = 30D8B9DE2B62D6F800C674A1 /* String.swift */; };
		30D8B9E22B62DB8300C674A1 /* MarvelResponse.swift in Sources */ = {isa = PBXBuildFile; fileRef = 30D8B9E12B62DB8300C674A1 /* MarvelResponse.swift */; };
		30D8B9E42B62DBD500C674A1 /* MarvelCharacterItem.swift in Sources */ = {isa = PBXBuildFile; fileRef = 30D8B9E32B62DBD500C674A1 /* MarvelCharacterItem.swift */; };
		30D8B9E62B62DC1800C674A1 /* MarvelData.swift in Sources */ = {isa = PBXBuildFile; fileRef = 30D8B9E52B62DC1800C674A1 /* MarvelData.swift */; };
		30D8B9EA2B62E8B600C674A1 /* CharacterItemRow.swift in Sources */ = {isa = PBXBuildFile; fileRef = 30D8B9E92B62E8B600C674A1 /* CharacterItemRow.swift */; };
		30D8B9EE2B62EA1C00C674A1 /* ImageNetworkManager.swift in Sources */ = {isa = PBXBuildFile; fileRef = 30D8B9ED2B62EA1C00C674A1 /* ImageNetworkManager.swift */; };
		30D8B9F02B62EE0400C674A1 /* CharactersListViewModel.swift in Sources */ = {isa = PBXBuildFile; fileRef = 30D8B9EF2B62EE0400C674A1 /* CharactersListViewModel.swift */; };
		30D8B9F52B62FB3F00C674A1 /* SharedNetworkManager.swift in Sources */ = {isa = PBXBuildFile; fileRef = 30D8B9F42B62FB3F00C674A1 /* SharedNetworkManager.swift */; };
		30D8B9FD2B63F0C800C674A1 /* CharacterDetailsService.swift in Sources */ = {isa = PBXBuildFile; fileRef = 30D8B9FC2B63F0C800C674A1 /* CharacterDetailsService.swift */; };
		30D8B9FF2B63F10700C674A1 /* CharacterDetailsNetwrokManager.swift in Sources */ = {isa = PBXBuildFile; fileRef = 30D8B9FE2B63F10700C674A1 /* CharacterDetailsNetwrokManager.swift */; };
		30D8BA052B63FE3000C674A1 /* Comic.swift in Sources */ = {isa = PBXBuildFile; fileRef = 30D8BA042B63FE3000C674A1 /* Comic.swift */; };
		30D8BA072B640BA400C674A1 /* CharacterDetailsViewModel.swift in Sources */ = {isa = PBXBuildFile; fileRef = 30D8BA062B640BA400C674A1 /* CharacterDetailsViewModel.swift */; };
		30D8BA092B640D3500C674A1 /* CharacterDetailsView.swift in Sources */ = {isa = PBXBuildFile; fileRef = 30D8BA082B640D3500C674A1 /* CharacterDetailsView.swift */; };
		30D8BA0D2B6410BC00C674A1 /* CharacterDetailsImageView.swift in Sources */ = {isa = PBXBuildFile; fileRef = 30D8BA0C2B6410BC00C674A1 /* CharacterDetailsImageView.swift */; };
		30F3774A2B6532D8000EAE57 /* ComicImageView.swift in Sources */ = {isa = PBXBuildFile; fileRef = 30F377492B6532D8000EAE57 /* ComicImageView.swift */; };
/* End PBXBuildFile section */

/* Begin PBXFileReference section */
		30BADDEC2B69A8AD00C6840E /* Events.swift */ = {isa = PBXFileReference; lastKnownFileType = sourcecode.swift; path = Events.swift; sourceTree = "<group>"; };
		30BADDEE2B69A92C00C6840E /* Series.swift */ = {isa = PBXFileReference; lastKnownFileType = sourcecode.swift; path = Series.swift; sourceTree = "<group>"; };
		30BADDF12B69AB8B00C6840E /* ImageViewModel.swift */ = {isa = PBXFileReference; lastKnownFileType = sourcecode.swift; path = ImageViewModel.swift; sourceTree = "<group>"; };
		30BADDF32B69ABF500C6840E /* ImageService.swift */ = {isa = PBXFileReference; lastKnownFileType = sourcecode.swift; path = ImageService.swift; sourceTree = "<group>"; };
		30BADDF52B69BC1B00C6840E /* CharacterSeriesRowView.swift */ = {isa = PBXFileReference; lastKnownFileType = sourcecode.swift; path = CharacterSeriesRowView.swift; sourceTree = "<group>"; };
		30BADDF72B69BC3200C6840E /* CharacterEventsRowView.swift */ = {isa = PBXFileReference; lastKnownFileType = sourcecode.swift; path = CharacterEventsRowView.swift; sourceTree = "<group>"; };
		30D8B9BD2B62D3DC00C674A1 /* MarvelComics.app */ = {isa = PBXFileReference; explicitFileType = wrapper.application; includeInIndex = 0; path = MarvelComics.app; sourceTree = BUILT_PRODUCTS_DIR; };
		30D8B9C02B62D3DC00C674A1 /* MarvelComicsApp.swift */ = {isa = PBXFileReference; lastKnownFileType = sourcecode.swift; path = MarvelComicsApp.swift; sourceTree = "<group>"; };
		30D8B9C22B62D3DC00C674A1 /* CharacterListView.swift */ = {isa = PBXFileReference; lastKnownFileType = sourcecode.swift; path = CharacterListView.swift; sourceTree = "<group>"; };
		30D8B9C42B62D3DF00C674A1 /* Assets.xcassets */ = {isa = PBXFileReference; lastKnownFileType = folder.assetcatalog; path = Assets.xcassets; sourceTree = "<group>"; };
		30D8B9C72B62D3DF00C674A1 /* Preview Assets.xcassets */ = {isa = PBXFileReference; lastKnownFileType = folder.assetcatalog; path = "Preview Assets.xcassets"; sourceTree = "<group>"; };
		30D8B9D42B62D48800C674A1 /* CharacterListService.swift */ = {isa = PBXFileReference; lastKnownFileType = sourcecode.swift; path = CharacterListService.swift; sourceTree = "<group>"; };
		30D8B9D72B62D4C900C674A1 /* CharacterListNetworkManager.swift */ = {isa = PBXFileReference; lastKnownFileType = sourcecode.swift; path = CharacterListNetworkManager.swift; sourceTree = "<group>"; };
		30D8B9D92B62D4E000C674A1 /* CharacterListDBManager.swift */ = {isa = PBXFileReference; lastKnownFileType = sourcecode.swift; path = CharacterListDBManager.swift; sourceTree = "<group>"; };
		30D8B9DB2B62D4FD00C674A1 /* APIConfig.swift */ = {isa = PBXFileReference; lastKnownFileType = sourcecode.swift; path = APIConfig.swift; sourceTree = "<group>"; };
		30D8B9DE2B62D6F800C674A1 /* String.swift */ = {isa = PBXFileReference; lastKnownFileType = sourcecode.swift; path = String.swift; sourceTree = "<group>"; };
		30D8B9E12B62DB8300C674A1 /* MarvelResponse.swift */ = {isa = PBXFileReference; lastKnownFileType = sourcecode.swift; path = MarvelResponse.swift; sourceTree = "<group>"; };
		30D8B9E32B62DBD500C674A1 /* MarvelCharacterItem.swift */ = {isa = PBXFileReference; lastKnownFileType = sourcecode.swift; path = MarvelCharacterItem.swift; sourceTree = "<group>"; };
		30D8B9E52B62DC1800C674A1 /* MarvelData.swift */ = {isa = PBXFileReference; lastKnownFileType = sourcecode.swift; path = MarvelData.swift; sourceTree = "<group>"; };
		30D8B9E92B62E8B600C674A1 /* CharacterItemRow.swift */ = {isa = PBXFileReference; lastKnownFileType = sourcecode.swift; path = CharacterItemRow.swift; sourceTree = "<group>"; };
		30D8B9ED2B62EA1C00C674A1 /* ImageNetworkManager.swift */ = {isa = PBXFileReference; lastKnownFileType = sourcecode.swift; path = ImageNetworkManager.swift; sourceTree = "<group>"; };
		30D8B9EF2B62EE0400C674A1 /* CharactersListViewModel.swift */ = {isa = PBXFileReference; lastKnownFileType = sourcecode.swift; path = CharactersListViewModel.swift; sourceTree = "<group>"; };
		30D8B9F32B62F77300C674A1 /* Info.plist */ = {isa = PBXFileReference; lastKnownFileType = text.plist; path = Info.plist; sourceTree = "<group>"; };
		30D8B9F42B62FB3F00C674A1 /* SharedNetworkManager.swift */ = {isa = PBXFileReference; lastKnownFileType = sourcecode.swift; path = SharedNetworkManager.swift; sourceTree = "<group>"; };
		30D8B9FC2B63F0C800C674A1 /* CharacterDetailsService.swift */ = {isa = PBXFileReference; lastKnownFileType = sourcecode.swift; path = CharacterDetailsService.swift; sourceTree = "<group>"; };
		30D8B9FE2B63F10700C674A1 /* CharacterDetailsNetwrokManager.swift */ = {isa = PBXFileReference; lastKnownFileType = sourcecode.swift; path = CharacterDetailsNetwrokManager.swift; sourceTree = "<group>"; };
		30D8BA042B63FE3000C674A1 /* Comic.swift */ = {isa = PBXFileReference; lastKnownFileType = sourcecode.swift; path = Comic.swift; sourceTree = "<group>"; };
		30D8BA062B640BA400C674A1 /* CharacterDetailsViewModel.swift */ = {isa = PBXFileReference; lastKnownFileType = sourcecode.swift; path = CharacterDetailsViewModel.swift; sourceTree = "<group>"; };
		30D8BA082B640D3500C674A1 /* CharacterDetailsView.swift */ = {isa = PBXFileReference; lastKnownFileType = sourcecode.swift; path = CharacterDetailsView.swift; sourceTree = "<group>"; };
		30D8BA0C2B6410BC00C674A1 /* CharacterDetailsImageView.swift */ = {isa = PBXFileReference; lastKnownFileType = sourcecode.swift; path = CharacterDetailsImageView.swift; sourceTree = "<group>"; };
		30F377492B6532D8000EAE57 /* ComicImageView.swift */ = {isa = PBXFileReference; lastKnownFileType = sourcecode.swift; path = ComicImageView.swift; sourceTree = "<group>"; };
/* End PBXFileReference section */

/* Begin PBXFrameworksBuildPhase section */
		30D8B9BA2B62D3DC00C674A1 /* Frameworks */ = {
			isa = PBXFrameworksBuildPhase;
			buildActionMask = 2147483647;
			files = (
			);
			runOnlyForDeploymentPostprocessing = 0;
		};
/* End PBXFrameworksBuildPhase section */

/* Begin PBXGroup section */
		30BADDF02B69AB7800C6840E /* ViewModel */ = {
			isa = PBXGroup;
			children = (
				30BADDF12B69AB8B00C6840E /* ImageViewModel.swift */,
			);
			path = ViewModel;
			sourceTree = "<group>";
		};
		30D8B9B42B62D3DC00C674A1 = {
			isa = PBXGroup;
			children = (
				30D8B9BF2B62D3DC00C674A1 /* MarvelComics */,
				30D8B9BE2B62D3DC00C674A1 /* Products */,
			);
			sourceTree = "<group>";
		};
		30D8B9BE2B62D3DC00C674A1 /* Products */ = {
			isa = PBXGroup;
			children = (
				30D8B9BD2B62D3DC00C674A1 /* MarvelComics.app */,
			);
			name = Products;
			sourceTree = "<group>";
		};
		30D8B9BF2B62D3DC00C674A1 /* MarvelComics */ = {
			isa = PBXGroup;
			children = (
				30D8BA002B63F7D600C674A1 /* Shared */,
				30D8B9F62B63F02500C674A1 /* CharacterDetails */,
				30D8B9F32B62F77300C674A1 /* Info.plist */,
				30D8B9CF2B62D40400C674A1 /* CharactersLists */,
			);
			path = MarvelComics;
			sourceTree = "<group>";
		};
		30D8B9C62B62D3DF00C674A1 /* Preview Content */ = {
			isa = PBXGroup;
			children = (
				30D8B9C72B62D3DF00C674A1 /* Preview Assets.xcassets */,
			);
			path = "Preview Content";
			sourceTree = "<group>";
		};
		30D8B9CE2B62D3F700C674A1 /* Services */ = {
			isa = PBXGroup;
			children = (
				30D8B9D42B62D48800C674A1 /* CharacterListService.swift */,
			);
			path = Services;
			sourceTree = "<group>";
		};
		30D8B9CF2B62D40400C674A1 /* CharactersLists */ = {
			isa = PBXGroup;
			children = (
				30D8B9E02B62DB7300C674A1 /* Models */,
				30D8B9D62B62D4AB00C674A1 /* DataSource */,
				30D8B9D22B62D43200C674A1 /* ViewModels */,
				30D8B9D12B62D42D00C674A1 /* Views */,
				30D8B9CE2B62D3F700C674A1 /* Services */,
			);
			path = CharactersLists;
			sourceTree = "<group>";
		};
		30D8B9D02B62D42000C674A1 /* Utitlies */ = {
			isa = PBXGroup;
			children = (
				30D8B9DB2B62D4FD00C674A1 /* APIConfig.swift */,
				30D8B9F42B62FB3F00C674A1 /* SharedNetworkManager.swift */,
			);
			path = Utitlies;
			sourceTree = "<group>";
		};
		30D8B9D12B62D42D00C674A1 /* Views */ = {
			isa = PBXGroup;
			children = (
				30D8B9E82B62E89400C674A1 /* ChildViews */,
				30D8B9E72B62E88C00C674A1 /* MainView */,
			);
			path = Views;
			sourceTree = "<group>";
		};
		30D8B9D22B62D43200C674A1 /* ViewModels */ = {
			isa = PBXGroup;
			children = (
				30D8B9EF2B62EE0400C674A1 /* CharactersListViewModel.swift */,
			);
			path = ViewModels;
			sourceTree = "<group>";
		};
		30D8B9D32B62D46900C674A1 /* Config */ = {
			isa = PBXGroup;
			children = (
				30D8B9C62B62D3DF00C674A1 /* Preview Content */,
				30D8B9C02B62D3DC00C674A1 /* MarvelComicsApp.swift */,
				30D8B9C42B62D3DF00C674A1 /* Assets.xcassets */,
			);
			path = Config;
			sourceTree = "<group>";
		};
		30D8B9D62B62D4AB00C674A1 /* DataSource */ = {
			isa = PBXGroup;
			children = (
				30D8B9D72B62D4C900C674A1 /* CharacterListNetworkManager.swift */,
				30D8B9D92B62D4E000C674A1 /* CharacterListDBManager.swift */,
			);
			path = DataSource;
			sourceTree = "<group>";
		};
		30D8B9DD2B62D6E900C674A1 /* Extensions */ = {
			isa = PBXGroup;
			children = (
				30D8B9DE2B62D6F800C674A1 /* String.swift */,
			);
			path = Extensions;
			sourceTree = "<group>";
		};
		30D8B9E02B62DB7300C674A1 /* Models */ = {
			isa = PBXGroup;
			children = (
			);
			path = Models;
			sourceTree = "<group>";
		};
		30D8B9E72B62E88C00C674A1 /* MainView */ = {
			isa = PBXGroup;
			children = (
				30D8B9C22B62D3DC00C674A1 /* CharacterListView.swift */,
			);
			path = MainView;
			sourceTree = "<group>";
		};
		30D8B9E82B62E89400C674A1 /* ChildViews */ = {
			isa = PBXGroup;
			children = (
				30D8B9E92B62E8B600C674A1 /* CharacterItemRow.swift */,
			);
			path = ChildViews;
			sourceTree = "<group>";
		};
		30D8B9F62B63F02500C674A1 /* CharacterDetails */ = {
			isa = PBXGroup;
			children = (
				30D8B9FB2B63F08800C674A1 /* Service */,
				30D8B9FA2B63F05600C674A1 /* DataSource */,
				30D8B9F92B63F04600C674A1 /* Models */,
				30D8B9F82B63F04000C674A1 /* ViewModels */,
				30D8B9F72B63F03600C674A1 /* Views */,
			);
			path = CharacterDetails;
			sourceTree = "<group>";
		};
		30D8B9F72B63F03600C674A1 /* Views */ = {
			isa = PBXGroup;
			children = (
				30D8BA0B2B6410A300C674A1 /* ChildView */,
				30D8BA0A2B64109B00C674A1 /* ParentView */,
			);
			path = Views;
			sourceTree = "<group>";
		};
		30D8B9F82B63F04000C674A1 /* ViewModels */ = {
			isa = PBXGroup;
			children = (
				30D8BA062B640BA400C674A1 /* CharacterDetailsViewModel.swift */,
			);
			path = ViewModels;
			sourceTree = "<group>";
		};
		30D8B9F92B63F04600C674A1 /* Models */ = {
			isa = PBXGroup;
			children = (
				30D8BA042B63FE3000C674A1 /* Comic.swift */,
				30BADDEC2B69A8AD00C6840E /* Events.swift */,
				30BADDEE2B69A92C00C6840E /* Series.swift */,
			);
			path = Models;
			sourceTree = "<group>";
		};
		30D8B9FA2B63F05600C674A1 /* DataSource */ = {
			isa = PBXGroup;
			children = (
				30D8B9FE2B63F10700C674A1 /* CharacterDetailsNetwrokManager.swift */,
			);
			path = DataSource;
			sourceTree = "<group>";
		};
		30D8B9FB2B63F08800C674A1 /* Service */ = {
			isa = PBXGroup;
			children = (
				30D8B9FC2B63F0C800C674A1 /* CharacterDetailsService.swift */,
			);
			path = Service;
			sourceTree = "<group>";
		};
		30D8BA002B63F7D600C674A1 /* Shared */ = {
			isa = PBXGroup;
			children = (
				30BADDF02B69AB7800C6840E /* ViewModel */,
				30D8BA032B63F80B00C674A1 /* Models */,
				30D8BA022B63F7FA00C674A1 /* DataSource */,
				30D8BA012B63F7E100C674A1 /* Service */,
				30D8B9DD2B62D6E900C674A1 /* Extensions */,
				30D8B9D32B62D46900C674A1 /* Config */,
				30D8B9D02B62D42000C674A1 /* Utitlies */,
			);
			path = Shared;
			sourceTree = "<group>";
		};
		30D8BA012B63F7E100C674A1 /* Service */ = {
			isa = PBXGroup;
			children = (
				30BADDF32B69ABF500C6840E /* ImageService.swift */,
			);
			path = Service;
			sourceTree = "<group>";
		};
		30D8BA022B63F7FA00C674A1 /* DataSource */ = {
			isa = PBXGroup;
			children = (
				30D8B9ED2B62EA1C00C674A1 /* ImageNetworkManager.swift */,
			);
			path = DataSource;
			sourceTree = "<group>";
		};
		30D8BA032B63F80B00C674A1 /* Models */ = {
			isa = PBXGroup;
			children = (
				30D8B9E12B62DB8300C674A1 /* MarvelResponse.swift */,
				30D8B9E32B62DBD500C674A1 /* MarvelCharacterItem.swift */,
				30D8B9E52B62DC1800C674A1 /* MarvelData.swift */,
			);
			path = Models;
			sourceTree = "<group>";
		};
		30D8BA0A2B64109B00C674A1 /* ParentView */ = {
			isa = PBXGroup;
			children = (
				30D8BA082B640D3500C674A1 /* CharacterDetailsView.swift */,
			);
			path = ParentView;
			sourceTree = "<group>";
		};
		30D8BA0B2B6410A300C674A1 /* ChildView */ = {
			isa = PBXGroup;
			children = (
				30D8BA0C2B6410BC00C674A1 /* CharacterDetailsImageView.swift */,
				30F377492B6532D8000EAE57 /* ComicImageView.swift */,
				30BADDF52B69BC1B00C6840E /* CharacterSeriesRowView.swift */,
				30BADDF72B69BC3200C6840E /* CharacterEventsRowView.swift */,
			);
			path = ChildView;
			sourceTree = "<group>";
		};
/* End PBXGroup section */

/* Begin PBXNativeTarget section */
		30D8B9BC2B62D3DC00C674A1 /* MarvelComics */ = {
			isa = PBXNativeTarget;
			buildConfigurationList = 30D8B9CB2B62D3DF00C674A1 /* Build configuration list for PBXNativeTarget "MarvelComics" */;
			buildPhases = (
				30D8B9B92B62D3DC00C674A1 /* Sources */,
				30D8B9BA2B62D3DC00C674A1 /* Frameworks */,
				30D8B9BB2B62D3DC00C674A1 /* Resources */,
			);
			buildRules = (
			);
			dependencies = (
			);
			name = MarvelComics;
			productName = MarvelComics;
			productReference = 30D8B9BD2B62D3DC00C674A1 /* MarvelComics.app */;
			productType = "com.apple.product-type.application";
		};
/* End PBXNativeTarget section */

/* Begin PBXProject section */
		30D8B9B52B62D3DC00C674A1 /* Project object */ = {
			isa = PBXProject;
			attributes = {
				BuildIndependentTargetsInParallel = 1;
				LastSwiftUpdateCheck = 1510;
				LastUpgradeCheck = 1510;
				TargetAttributes = {
					30D8B9BC2B62D3DC00C674A1 = {
						CreatedOnToolsVersion = 15.1;
					};
				};
			};
			buildConfigurationList = 30D8B9B82B62D3DC00C674A1 /* Build configuration list for PBXProject "MarvelComics" */;
			compatibilityVersion = "Xcode 14.0";
			developmentRegion = en;
			hasScannedForEncodings = 0;
			knownRegions = (
				en,
				Base,
			);
			mainGroup = 30D8B9B42B62D3DC00C674A1;
			productRefGroup = 30D8B9BE2B62D3DC00C674A1 /* Products */;
			projectDirPath = "";
			projectRoot = "";
			targets = (
				30D8B9BC2B62D3DC00C674A1 /* MarvelComics */,
			);
		};
/* End PBXProject section */

/* Begin PBXResourcesBuildPhase section */
		30D8B9BB2B62D3DC00C674A1 /* Resources */ = {
			isa = PBXResourcesBuildPhase;
			buildActionMask = 2147483647;
			files = (
				30D8B9C82B62D3DF00C674A1 /* Preview Assets.xcassets in Resources */,
				30D8B9C52B62D3DF00C674A1 /* Assets.xcassets in Resources */,
			);
			runOnlyForDeploymentPostprocessing = 0;
		};
/* End PBXResourcesBuildPhase section */

/* Begin PBXSourcesBuildPhase section */
		30D8B9B92B62D3DC00C674A1 /* Sources */ = {
			isa = PBXSourcesBuildPhase;
			buildActionMask = 2147483647;
			files = (
				30D8B9C32B62D3DC00C674A1 /* CharacterListView.swift in Sources */,
				30D8B9F52B62FB3F00C674A1 /* SharedNetworkManager.swift in Sources */,
				30D8B9FD2B63F0C800C674A1 /* CharacterDetailsService.swift in Sources */,
				30D8B9C12B62D3DC00C674A1 /* MarvelComicsApp.swift in Sources */,
				30D8B9F02B62EE0400C674A1 /* CharactersListViewModel.swift in Sources */,
				30D8B9FF2B63F10700C674A1 /* CharacterDetailsNetwrokManager.swift in Sources */,
				30BADDEF2B69A92C00C6840E /* Series.swift in Sources */,
				30BADDED2B69A8AD00C6840E /* Events.swift in Sources */,
				30D8B9E62B62DC1800C674A1 /* MarvelData.swift in Sources */,
				30D8B9EE2B62EA1C00C674A1 /* ImageNetworkManager.swift in Sources */,
				30D8B9E42B62DBD500C674A1 /* MarvelCharacterItem.swift in Sources */,
				30D8B9DC2B62D4FD00C674A1 /* APIConfig.swift in Sources */,
				30BADDF62B69BC1B00C6840E /* CharacterSeriesRowView.swift in Sources */,
				30D8B9D82B62D4C900C674A1 /* CharacterListNetworkManager.swift in Sources */,
				30D8B9DF2B62D6F800C674A1 /* String.swift in Sources */,
				30D8BA072B640BA400C674A1 /* CharacterDetailsViewModel.swift in Sources */,
				30D8B9E22B62DB8300C674A1 /* MarvelResponse.swift in Sources */,
				30D8BA0D2B6410BC00C674A1 /* CharacterDetailsImageView.swift in Sources */,
				30D8B9D52B62D48800C674A1 /* CharacterListService.swift in Sources */,
				30D8B9DA2B62D4E000C674A1 /* CharacterListDBManager.swift in Sources */,
				30BADDF82B69BC3200C6840E /* CharacterEventsRowView.swift in Sources */,
				30BADDF42B69ABF500C6840E /* ImageService.swift in Sources */,
				30BADDF22B69AB8B00C6840E /* ImageViewModel.swift in Sources */,
				30D8BA092B640D3500C674A1 /* CharacterDetailsView.swift in Sources */,
				30D8B9EA2B62E8B600C674A1 /* CharacterItemRow.swift in Sources */,
				30D8BA052B63FE3000C674A1 /* Comic.swift in Sources */,
				30F3774A2B6532D8000EAE57 /* ComicImageView.swift in Sources */,
			);
			runOnlyForDeploymentPostprocessing = 0;
		};
/* End PBXSourcesBuildPhase section */

/* Begin XCBuildConfiguration section */
		30D8B9C92B62D3DF00C674A1 /* Debug */ = {
			isa = XCBuildConfiguration;
			buildSettings = {
				ALWAYS_SEARCH_USER_PATHS = NO;
				ASSETCATALOG_COMPILER_GENERATE_SWIFT_ASSET_SYMBOL_EXTENSIONS = YES;
				CLANG_ANALYZER_NONNULL = YES;
				CLANG_ANALYZER_NUMBER_OBJECT_CONVERSION = YES_AGGRESSIVE;
				CLANG_CXX_LANGUAGE_STANDARD = "gnu++20";
				CLANG_ENABLE_MODULES = YES;
				CLANG_ENABLE_OBJC_ARC = YES;
				CLANG_ENABLE_OBJC_WEAK = YES;
				CLANG_WARN_BLOCK_CAPTURE_AUTORELEASING = YES;
				CLANG_WARN_BOOL_CONVERSION = YES;
				CLANG_WARN_COMMA = YES;
				CLANG_WARN_CONSTANT_CONVERSION = YES;
				CLANG_WARN_DEPRECATED_OBJC_IMPLEMENTATIONS = YES;
				CLANG_WARN_DIRECT_OBJC_ISA_USAGE = YES_ERROR;
				CLANG_WARN_DOCUMENTATION_COMMENTS = YES;
				CLANG_WARN_EMPTY_BODY = YES;
				CLANG_WARN_ENUM_CONVERSION = YES;
				CLANG_WARN_INFINITE_RECURSION = YES;
				CLANG_WARN_INT_CONVERSION = YES;
				CLANG_WARN_NON_LITERAL_NULL_CONVERSION = YES;
				CLANG_WARN_OBJC_IMPLICIT_RETAIN_SELF = YES;
				CLANG_WARN_OBJC_LITERAL_CONVERSION = YES;
				CLANG_WARN_OBJC_ROOT_CLASS = YES_ERROR;
				CLANG_WARN_QUOTED_INCLUDE_IN_FRAMEWORK_HEADER = YES;
				CLANG_WARN_RANGE_LOOP_ANALYSIS = YES;
				CLANG_WARN_STRICT_PROTOTYPES = YES;
				CLANG_WARN_SUSPICIOUS_MOVE = YES;
				CLANG_WARN_UNGUARDED_AVAILABILITY = YES_AGGRESSIVE;
				CLANG_WARN_UNREACHABLE_CODE = YES;
				CLANG_WARN__DUPLICATE_METHOD_MATCH = YES;
				COPY_PHASE_STRIP = NO;
				DEBUG_INFORMATION_FORMAT = dwarf;
				ENABLE_STRICT_OBJC_MSGSEND = YES;
				ENABLE_TESTABILITY = YES;
				ENABLE_USER_SCRIPT_SANDBOXING = YES;
				GCC_C_LANGUAGE_STANDARD = gnu17;
				GCC_DYNAMIC_NO_PIC = NO;
				GCC_NO_COMMON_BLOCKS = YES;
				GCC_OPTIMIZATION_LEVEL = 0;
				GCC_PREPROCESSOR_DEFINITIONS = (
					"DEBUG=1",
					"$(inherited)",
				);
				GCC_WARN_64_TO_32_BIT_CONVERSION = YES;
				GCC_WARN_ABOUT_RETURN_TYPE = YES_ERROR;
				GCC_WARN_UNDECLARED_SELECTOR = YES;
				GCC_WARN_UNINITIALIZED_AUTOS = YES_AGGRESSIVE;
				GCC_WARN_UNUSED_FUNCTION = YES;
				GCC_WARN_UNUSED_VARIABLE = YES;
				IPHONEOS_DEPLOYMENT_TARGET = 17.2;
				LOCALIZATION_PREFERS_STRING_CATALOGS = YES;
				MTL_ENABLE_DEBUG_INFO = INCLUDE_SOURCE;
				MTL_FAST_MATH = YES;
				ONLY_ACTIVE_ARCH = YES;
				SDKROOT = iphoneos;
				SWIFT_ACTIVE_COMPILATION_CONDITIONS = "DEBUG $(inherited)";
				SWIFT_OPTIMIZATION_LEVEL = "-Onone";
			};
			name = Debug;
		};
		30D8B9CA2B62D3DF00C674A1 /* Release */ = {
			isa = XCBuildConfiguration;
			buildSettings = {
				ALWAYS_SEARCH_USER_PATHS = NO;
				ASSETCATALOG_COMPILER_GENERATE_SWIFT_ASSET_SYMBOL_EXTENSIONS = YES;
				CLANG_ANALYZER_NONNULL = YES;
				CLANG_ANALYZER_NUMBER_OBJECT_CONVERSION = YES_AGGRESSIVE;
				CLANG_CXX_LANGUAGE_STANDARD = "gnu++20";
				CLANG_ENABLE_MODULES = YES;
				CLANG_ENABLE_OBJC_ARC = YES;
				CLANG_ENABLE_OBJC_WEAK = YES;
				CLANG_WARN_BLOCK_CAPTURE_AUTORELEASING = YES;
				CLANG_WARN_BOOL_CONVERSION = YES;
				CLANG_WARN_COMMA = YES;
				CLANG_WARN_CONSTANT_CONVERSION = YES;
				CLANG_WARN_DEPRECATED_OBJC_IMPLEMENTATIONS = YES;
				CLANG_WARN_DIRECT_OBJC_ISA_USAGE = YES_ERROR;
				CLANG_WARN_DOCUMENTATION_COMMENTS = YES;
				CLANG_WARN_EMPTY_BODY = YES;
				CLANG_WARN_ENUM_CONVERSION = YES;
				CLANG_WARN_INFINITE_RECURSION = YES;
				CLANG_WARN_INT_CONVERSION = YES;
				CLANG_WARN_NON_LITERAL_NULL_CONVERSION = YES;
				CLANG_WARN_OBJC_IMPLICIT_RETAIN_SELF = YES;
				CLANG_WARN_OBJC_LITERAL_CONVERSION = YES;
				CLANG_WARN_OBJC_ROOT_CLASS = YES_ERROR;
				CLANG_WARN_QUOTED_INCLUDE_IN_FRAMEWORK_HEADER = YES;
				CLANG_WARN_RANGE_LOOP_ANALYSIS = YES;
				CLANG_WARN_STRICT_PROTOTYPES = YES;
				CLANG_WARN_SUSPICIOUS_MOVE = YES;
				CLANG_WARN_UNGUARDED_AVAILABILITY = YES_AGGRESSIVE;
				CLANG_WARN_UNREACHABLE_CODE = YES;
				CLANG_WARN__DUPLICATE_METHOD_MATCH = YES;
				COPY_PHASE_STRIP = NO;
				DEBUG_INFORMATION_FORMAT = "dwarf-with-dsym";
				ENABLE_NS_ASSERTIONS = NO;
				ENABLE_STRICT_OBJC_MSGSEND = YES;
				ENABLE_USER_SCRIPT_SANDBOXING = YES;
				GCC_C_LANGUAGE_STANDARD = gnu17;
				GCC_NO_COMMON_BLOCKS = YES;
				GCC_WARN_64_TO_32_BIT_CONVERSION = YES;
				GCC_WARN_ABOUT_RETURN_TYPE = YES_ERROR;
				GCC_WARN_UNDECLARED_SELECTOR = YES;
				GCC_WARN_UNINITIALIZED_AUTOS = YES_AGGRESSIVE;
				GCC_WARN_UNUSED_FUNCTION = YES;
				GCC_WARN_UNUSED_VARIABLE = YES;
				IPHONEOS_DEPLOYMENT_TARGET = 17.2;
				LOCALIZATION_PREFERS_STRING_CATALOGS = YES;
				MTL_ENABLE_DEBUG_INFO = NO;
				MTL_FAST_MATH = YES;
				SDKROOT = iphoneos;
				SWIFT_COMPILATION_MODE = wholemodule;
				VALIDATE_PRODUCT = YES;
			};
			name = Release;
		};
		30D8B9CC2B62D3DF00C674A1 /* Debug */ = {
			isa = XCBuildConfiguration;
			buildSettings = {
				ASSETCATALOG_COMPILER_APPICON_NAME = AppIcon;
				ASSETCATALOG_COMPILER_GLOBAL_ACCENT_COLOR_NAME = AccentColor;
				CODE_SIGN_STYLE = Automatic;
				CURRENT_PROJECT_VERSION = 1;
				DEVELOPMENT_ASSET_PATHS = "\"MarvelComics/Shared/Config/Preview Content\"";
				DEVELOPMENT_TEAM = 2Q2UWMU587;
				ENABLE_PREVIEWS = YES;
				GENERATE_INFOPLIST_FILE = YES;
				INFOPLIST_FILE = MarvelComics/Info.plist;
				INFOPLIST_KEY_UIApplicationSceneManifest_Generation = YES;
				INFOPLIST_KEY_UIApplicationSupportsIndirectInputEvents = YES;
				INFOPLIST_KEY_UILaunchScreen_Generation = YES;
				INFOPLIST_KEY_UISupportedInterfaceOrientations_iPad = "UIInterfaceOrientationPortrait UIInterfaceOrientationPortraitUpsideDown UIInterfaceOrientationLandscapeLeft UIInterfaceOrientationLandscapeRight";
				INFOPLIST_KEY_UISupportedInterfaceOrientations_iPhone = "UIInterfaceOrientationPortrait UIInterfaceOrientationLandscapeLeft UIInterfaceOrientationLandscapeRight";
				LD_RUNPATH_SEARCH_PATHS = (
					"$(inherited)",
					"@executable_path/Frameworks",
				);
				MARKETING_VERSION = 1.0;
				PRODUCT_BUNDLE_IDENTIFIER = com.tarek.MarvelComics;
				PRODUCT_NAME = "$(TARGET_NAME)";
				SWIFT_EMIT_LOC_STRINGS = YES;
				SWIFT_VERSION = 5.0;
				TARGETED_DEVICE_FAMILY = "1,2";
			};
			name = Debug;
		};
		30D8B9CD2B62D3DF00C674A1 /* Release */ = {
			isa = XCBuildConfiguration;
			buildSettings = {
				ASSETCATALOG_COMPILER_APPICON_NAME = AppIcon;
				ASSETCATALOG_COMPILER_GLOBAL_ACCENT_COLOR_NAME = AccentColor;
				CODE_SIGN_STYLE = Automatic;
				CURRENT_PROJECT_VERSION = 1;
				DEVELOPMENT_ASSET_PATHS = "\"MarvelComics/Shared/Config/Preview Content\"";
				DEVELOPMENT_TEAM = 2Q2UWMU587;
				ENABLE_PREVIEWS = YES;
				GENERATE_INFOPLIST_FILE = YES;
				INFOPLIST_FILE = MarvelComics/Info.plist;
				INFOPLIST_KEY_UIApplicationSceneManifest_Generation = YES;
				INFOPLIST_KEY_UIApplicationSupportsIndirectInputEvents = YES;
				INFOPLIST_KEY_UILaunchScreen_Generation = YES;
				INFOPLIST_KEY_UISupportedInterfaceOrientations_iPad = "UIInterfaceOrientationPortrait UIInterfaceOrientationPortraitUpsideDown UIInterfaceOrientationLandscapeLeft UIInterfaceOrientationLandscapeRight";
				INFOPLIST_KEY_UISupportedInterfaceOrientations_iPhone = "UIInterfaceOrientationPortrait UIInterfaceOrientationLandscapeLeft UIInterfaceOrientationLandscapeRight";
				LD_RUNPATH_SEARCH_PATHS = (
					"$(inherited)",
					"@executable_path/Frameworks",
				);
				MARKETING_VERSION = 1.0;
				PRODUCT_BUNDLE_IDENTIFIER = com.tarek.MarvelComics;
				PRODUCT_NAME = "$(TARGET_NAME)";
				SWIFT_EMIT_LOC_STRINGS = YES;
				SWIFT_VERSION = 5.0;
				TARGETED_DEVICE_FAMILY = "1,2";
			};
			name = Release;
		};
/* End XCBuildConfiguration section */

/* Begin XCConfigurationList section */
		30D8B9B82B62D3DC00C674A1 /* Build configuration list for PBXProject "MarvelComics" */ = {
			isa = XCConfigurationList;
			buildConfigurations = (
				30D8B9C92B62D3DF00C674A1 /* Debug */,
				30D8B9CA2B62D3DF00C674A1 /* Release */,
			);
			defaultConfigurationIsVisible = 0;
			defaultConfigurationName = Release;
		};
		30D8B9CB2B62D3DF00C674A1 /* Build configuration list for PBXNativeTarget "MarvelComics" */ = {
			isa = XCConfigurationList;
			buildConfigurations = (
				30D8B9CC2B62D3DF00C674A1 /* Debug */,
				30D8B9CD2B62D3DF00C674A1 /* Release */,
			);
			defaultConfigurationIsVisible = 0;
			defaultConfigurationName = Release;
		};
/* End XCConfigurationList section */
	};
	rootObject = 30D8B9B52B62D3DC00C674A1 /* Project object */;
}
